
Microsoft Visual Studio Solution File, Format Version 12.00
# Visual Studio Version 17
VisualStudioVersion = 17.11.35327.3
MinimumVisualStudioVersion = 10.0.40219.1
Project("{FAE04EC0-301F-11D3-BF4B-00C04F79EFBC}") = "MMREAPER", "MMREAPER\MMREAPER.csproj", "{58738BBE-48AC-4BA1-A71E-B7057794FED9}"
EndProject
Project("{FAE04EC0-301F-11D3-BF4B-00C04F79EFBC}") = "EXAPI", "EXAPI\EXAPI.csproj", "{0823A470-2759-47BD-9223-CE6CA122FDDE}"
EndProject
Global
	GlobalSection(SolutionConfigurationPlatforms) = preSolution
		Debug|Any CPU = Debug|Any CPU
		Release|Any CPU = Release|Any CPU
	EndGlobalSection
	GlobalSection(ProjectConfigurationPlatforms) = postSolution
		{58738BBE-48AC-4BA1-A71E-B7057794FED9}.Debug|Any CPU.ActiveCfg = Debug|Any CPU
		{58738BBE-48AC-4BA1-A71E-B7057794FED9}.Debug|Any CPU.Build.0 = Debug|Any CPU
		{58738BBE-48AC-4BA1-A71E-B7057794FED9}.Release|Any CPU.ActiveCfg = Release|Any CPU
		{58738BBE-48AC-4BA1-A71E-B7057794FED9}.Release|Any CPU.Build.0 = Release|Any CPU
		{0823A470-2759-47BD-9223-CE6CA122FDDE}.Debug|Any CPU.ActiveCfg = Debug|Any CPU
		{0823A470-2759-47BD-9223-CE6CA122FDDE}.Debug|Any CPU.Build.0 = Debug|Any CPU
		{0823A470-2759-47BD-9223-CE6CA122FDDE}.Release|Any CPU.ActiveCfg = Release|Any CPU
		{0823A470-2759-47BD-9223-CE6CA122FDDE}.Release|Any CPU.Build.0 = Release|Any CPU
	EndGlobalSection
	GlobalSection(SolutionProperties) = preSolution
		HideSolutionNode = FALSE
	EndGlobalSection
	GlobalSection(ExtensibilityGlobals) = postSolution
		SolutionGuid = {D8FB393A-D0DB-4B27-BB81-72D86620C135}
	EndGlobalSection
EndGlobal
